<?xml version="1.0" encoding="utf-8"?>
<Project ToolsVersion="4.0" xmlns="http://schemas.microsoft.com/developer/msbuild/2003">
  <ItemGroup>
    <Filter Include="Helix">
      <UniqueIdentifier>{1F204F0D-8B34-77BE-54B6-1A1EC08973EF}</UniqueIdentifier>
    </Filter>
    <Filter Include="Helix\Core">
      <UniqueIdentifier>{D72F8CA7-C3E7-CDF4-2CEF-A65018C668E5}</UniqueIdentifier>
    </Filter>
    <Filter Include="Helix\Diagnostics">
      <UniqueIdentifier>{A6B19D5B-12C8-9BF1-5B3F-2713C7946C79}</UniqueIdentifier>
    </Filter>
    <Filter Include="Helix\Event">
      <UniqueIdentifier>{B0FC3999-1CB2-B28E-A5A6-AC65115BA992}</UniqueIdentifier>
    </Filter>
    <Filter Include="Helix\Event\Base">
      <UniqueIdentifier>{3AC7DBB6-26C0-FA08-4FF2-DF8D3B4ADA14}</UniqueIdentifier>
    </Filter>
    <Filter Include="Helix\Input">
      <UniqueIdentifier>{5E2B7E99-CAE0-F68E-53D5-F065BF89ED92}</UniqueIdentifier>
    </Filter>
    <Filter Include="Helix\Math">
      <UniqueIdentifier>{587091A7-4428-D3F4-AD2F-AC5099066EE5}</UniqueIdentifier>
    </Filter>
    <Filter Include="Helix\Rendering">
      <UniqueIdentifier>{2CDCE440-9867-5205-A178-D5F90D83AE05}</UniqueIdentifier>
    </Filter>
    <Filter Include="Helix\Rendering\Objects">
      <UniqueIdentifier>{E5E603E9-511E-4C80-5A28-B0A3C6DE7279}</UniqueIdentifier>
    </Filter>
    <Filter Include="Helix\Rendering\Renderers">
      <UniqueIdentifier>{05BC8A8D-717E-BE17-BA2E-4DA4263097F5}</UniqueIdentifier>
    </Filter>
    <Filter Include="Helix\Rendering\Renderers\Base">
      <UniqueIdentifier>{AF63C22C-9B89-8C93-84CF-115F7094B15F}</UniqueIdentifier>
    </Filter>
    <Filter Include="Helix\Scene">
      <UniqueIdentifier>{7CE82C9A-E89D-A58F-7192-9F66DD469C93}</UniqueIdentifier>
    </Filter>
    <Filter Include="Helix\Window">
      <UniqueIdentifier>{26F48FE9-1257-1F8E-BBDC-5744A71EEB10}</UniqueIdentifier>
    </Filter>
    <Filter Include="Helix\Window\Base">
      <UniqueIdentifier>{70D8C4C1-DCEE-C257-2566-4E7991BB93DF}</UniqueIdentifier>
    </Filter>
  </ItemGroup>
  <ItemGroup>
    <ClInclude Include="src\Helix.hpp" />
    <ClInclude Include="src\Helix\Core\Application.hpp">
      <Filter>Helix\Core</Filter>
    </ClInclude>
    <ClInclude Include="src\Helix\Core\Core.hpp">
      <Filter>Helix\Core</Filter>
    </ClInclude>
    <ClInclude Include="src\Helix\Core\IO.hpp">
      <Filter>Helix\Core</Filter>
    </ClInclude>
    <ClInclude Include="src\Helix\Core\Transform.hpp">
      <Filter>Helix\Core</Filter>
    </ClInclude>
    <ClInclude Include="src\Helix\Diagnostics\Log.hpp">
      <Filter>Helix\Diagnostics</Filter>
    </ClInclude>
    <ClInclude Include="src\Helix\Event\ApplicationEvent.hpp">
      <Filter>Helix\Event</Filter>
    </ClInclude>
    <ClInclude Include="src\Helix\Event\Base\Event.hpp">
      <Filter>Helix\Event\Base</Filter>
    </ClInclude>
    <ClInclude Include="src\Helix\Event\Base\EventDispatcher.hpp">
      <Filter>Helix\Event\Base</Filter>
    </ClInclude>
    <ClInclude Include="src\Helix\Event\KeyEvent.hpp">
      <Filter>Helix\Event</Filter>
    </ClInclude>
    <ClInclude Include="src\Helix\Event\Layer.hpp">
      <Filter>Helix\Event</Filter>
    </ClInclude>
    <ClInclude Include="src\Helix\Event\LayerStack.hpp">
      <Filter>Helix\Event</Filter>
    </ClInclude>
    <ClInclude Include="src\Helix\Event\MouseEvent.hpp">
      <Filter>Helix\Event</Filter>
    </ClInclude>
    <ClInclude Include="src\Helix\Event\WindowEvent.hpp">
      <Filter>Helix\Event</Filter>
    </ClInclude>
    <ClInclude Include="src\Helix\Input\Input.hpp">
      <Filter>Helix\Input</Filter>
    </ClInclude>
    <ClInclude Include="src\Helix\Input\KeyCode.hpp">
      <Filter>Helix\Input</Filter>
    </ClInclude>
    <ClInclude Include="src\Helix\Input\MouseCode.hpp">
      <Filter>Helix\Input</Filter>
    </ClInclude>
    <ClInclude Include="src\Helix\Math\Math.hpp">
      <Filter>Helix\Math</Filter>
    </ClInclude>
    <ClInclude Include="src\Helix\Rendering\Camera.hpp">
      <Filter>Helix\Rendering</Filter>
    </ClInclude>
    <ClInclude Include="src\Helix\Rendering\GL.hpp">
      <Filter>Helix\Rendering</Filter>
    </ClInclude>
    <ClInclude Include="src\Helix\Rendering\Objects\BufferLayout.hpp">
      <Filter>Helix\Rendering\Objects</Filter>
    </ClInclude>
    <ClInclude Include="src\Helix\Rendering\Objects\BufferObject.hpp">
      <Filter>Helix\Rendering\Objects</Filter>
    </ClInclude>
    <ClInclude Include="src\Helix\Rendering\Objects\ElementBuffer.hpp">
      <Filter>Helix\Rendering\Objects</Filter>
    </ClInclude>
    <ClInclude Include="src\Helix\Rendering\Objects\VertexArray.hpp">
      <Filter>Helix\Rendering\Objects</Filter>
    </ClInclude>
    <ClInclude Include="src\Helix\Rendering\Objects\VertexBuffer.hpp">
      <Filter>Helix\Rendering\Objects</Filter>
    </ClInclude>
    <ClInclude Include="src\Helix\Rendering\Projection.hpp">
      <Filter>Helix\Rendering</Filter>
    </ClInclude>
    <ClInclude Include="src\Helix\Rendering\Renderers\Base\Renderer.hpp">
      <Filter>Helix\Rendering\Renderers\Base</Filter>
    </ClInclude>
    <ClInclude Include="src\Helix\Rendering\Renderers\OpenGlRenderer.hpp">
      <Filter>Helix\Rendering\Renderers</Filter>
    </ClInclude>
    <ClInclude Include="src\Helix\Rendering\Shader.hpp">
      <Filter>Helix\Rendering</Filter>
    </ClInclude>
    <ClInclude Include="src\Helix\Scene\Scene.hpp">
      <Filter>Helix\Scene</Filter>
    </ClInclude>
    <ClInclude Include="src\Helix\Window\Base\Window.hpp">
      <Filter>Helix\Window\Base</Filter>
    </ClInclude>
    <ClInclude Include="src\Helix\Window\WindowsWindow.hpp">
      <Filter>Helix\Window</Filter>
    </ClInclude>
    <ClInclude Include="src\main.hpp" />
    <ClInclude Include="src\stdafx.hpp" />
    <ClInclude Include="src\Helix\Format\Image.hpp" />
    <ClInclude Include="src\Helix\Format\Texture.hpp" />
  </ItemGroup>
  <ItemGroup>
    <ClCompile Include="src\Helix\Core\Application.cpp">
      <Filter>Helix\Core</Filter>
    </ClCompile>
    <ClCompile Include="src\Helix\Core\IO.cpp">
      <Filter>Helix\Core</Filter>
    </ClCompile>
    <ClCompile Include="src\Helix\Core\Transform.cpp">
      <Filter>Helix\Core</Filter>
    </ClCompile>
    <ClCompile Include="src\Helix\Diagnostics\Log.cpp">
      <Filter>Helix\Diagnostics</Filter>
    </ClCompile>
    <ClCompile Include="src\Helix\Input\Input.cpp">
      <Filter>Helix\Input</Filter>
    </ClCompile>
    <ClCompile Include="src\Helix\Rendering\Camera.cpp">
      <Filter>Helix\Rendering</Filter>
    </ClCompile>
    <ClCompile Include="src\Helix\Rendering\Objects\ElementBuffer.cpp">
      <Filter>Helix\Rendering\Objects</Filter>
    </ClCompile>
    <ClCompile Include="src\Helix\Rendering\Objects\VertexArray.cpp">
      <Filter>Helix\Rendering\Objects</Filter>
    </ClCompile>
    <ClCompile Include="src\Helix\Rendering\Objects\VertexBuffer.cpp">
      <Filter>Helix\Rendering\Objects</Filter>
    </ClCompile>
    <ClCompile Include="src\Helix\Rendering\Renderers\Base\Renderer.cpp">
      <Filter>Helix\Rendering\Renderers\Base</Filter>
    </ClCompile>
    <ClCompile Include="src\Helix\Rendering\Renderers\OpenGlRenderer.cpp">
      <Filter>Helix\Rendering\Renderers</Filter>
    </ClCompile>
    <ClCompile Include="src\Helix\Rendering\Shader.cpp">
      <Filter>Helix\Rendering</Filter>
    </ClCompile>
    <ClCompile Include="src\Helix\Scene\Scene.cpp">
      <Filter>Helix\Scene</Filter>
    </ClCompile>
    <ClCompile Include="src\Helix\Window\Base\Window.cpp">
      <Filter>Helix\Window\Base</Filter>
    </ClCompile>
    <ClCompile Include="src\Helix\Window\WindowsWindow.cpp">
      <Filter>Helix\Window</Filter>
    </ClCompile>
    <ClCompile Include="src\stdafx.cpp" />
    <ClCompile Include="src\Helix\Format\Texture.cpp" />
  </ItemGroup>
</Project>