<?xml version="1.0" encoding="utf-8"?>
<Project ToolsVersion="4.0" xmlns="http://schemas.microsoft.com/developer/msbuild/2003">
  <ItemGroup>
    <Filter Include="Helix">
      <UniqueIdentifier>{1F204F0D-8B34-77BE-54B6-1A1EC08973EF}</UniqueIdentifier>
    </Filter>
    <Filter Include="Helix\Core">
      <UniqueIdentifier>{D72F8CA7-C3E7-CDF4-2CEF-A65018C668E5}</UniqueIdentifier>
    </Filter>
    <Filter Include="Helix\Diagnostics">
      <UniqueIdentifier>{A6B19D5B-12C8-9BF1-5B3F-2713C7946C79}</UniqueIdentifier>
    </Filter>
    <Filter Include="Helix\ECS">
      <UniqueIdentifier>{E90B2B62-5576-DFD8-9EB4-907E0A5EBD2D}</UniqueIdentifier>
    </Filter>
    <Filter Include="Helix\ECS\Components">
      <UniqueIdentifier>{5E0DFB30-4A9C-84FA-F3BA-98F5DF2895A0}</UniqueIdentifier>
    </Filter>
    <Filter Include="Helix\ECS\Components\Base">
      <UniqueIdentifier>{A874A837-1437-DCC1-5DE7-6A4EC9E8B49F}</UniqueIdentifier>
    </Filter>
    <Filter Include="Helix\ECS\Entities">
      <UniqueIdentifier>{BD9AC65E-A97E-87B4-12DF-8107FEE17136}</UniqueIdentifier>
    </Filter>
    <Filter Include="Helix\ECS\Entities\Base">
      <UniqueIdentifier>{67354E81-D36C-9618-DC76-FA3B482DBD11}</UniqueIdentifier>
    </Filter>
    <Filter Include="Helix\Event">
      <UniqueIdentifier>{B0FC3999-1CB2-B28E-A5A6-AC65115BA992}</UniqueIdentifier>
    </Filter>
    <Filter Include="Helix\Event\Base">
      <UniqueIdentifier>{3AC7DBB6-26C0-FA08-4FF2-DF8D3B4ADA14}</UniqueIdentifier>
    </Filter>
    <Filter Include="Helix\IO">
      <UniqueIdentifier>{66F18C50-52BE-E75B-7BD7-D50367031DEA}</UniqueIdentifier>
    </Filter>
    <Filter Include="Helix\Input">
      <UniqueIdentifier>{5E2B7E99-CAE0-F68E-53D5-F065BF89ED92}</UniqueIdentifier>
    </Filter>
    <Filter Include="Helix\Math">
      <UniqueIdentifier>{587091A7-4428-D3F4-AD2F-AC5099066EE5}</UniqueIdentifier>
    </Filter>
    <Filter Include="Helix\Rendering">
      <UniqueIdentifier>{2CDCE440-9867-5205-A178-D5F90D83AE05}</UniqueIdentifier>
    </Filter>
    <Filter Include="Helix\Rendering\API">
      <UniqueIdentifier>{15F729A3-8158-07B1-0AC6-4D6376263E70}</UniqueIdentifier>
    </Filter>
    <Filter Include="Helix\Rendering\API\OpenGL">
      <UniqueIdentifier>{A9363123-9546-DDF3-FEFF-4112EA2ECC8C}</UniqueIdentifier>
    </Filter>
    <Filter Include="Helix\Rendering\API\OpenGL\Objects">
      <UniqueIdentifier>{626ECDF7-4EAA-D061-B7BC-E858A317797C}</UniqueIdentifier>
    </Filter>
    <Filter Include="Helix\Rendering\API\OpenGL\Renderer">
      <UniqueIdentifier>{6F0873A6-DBC1-DD50-6421-F82AD0D993C0}</UniqueIdentifier>
    </Filter>
    <Filter Include="Helix\Rendering\Objects">
      <UniqueIdentifier>{E5E603E9-511E-4C80-5A28-B0A3C6DE7279}</UniqueIdentifier>
    </Filter>
    <Filter Include="Helix\Scene">
      <UniqueIdentifier>{7CE82C9A-E89D-A58F-7192-9F66DD469C93}</UniqueIdentifier>
    </Filter>
    <Filter Include="Helix\Scene\Camera">
      <UniqueIdentifier>{7499CECE-607D-8F24-C9DD-8977B5E079A6}</UniqueIdentifier>
    </Filter>
    <Filter Include="Helix\Window">
      <UniqueIdentifier>{26F48FE9-1257-1F8E-BBDC-5744A71EEB10}</UniqueIdentifier>
    </Filter>
    <Filter Include="Helix\Window\OS">
      <UniqueIdentifier>{D71C1139-43A8-7EFD-4CB9-01F2B8C3DAFD}</UniqueIdentifier>
    </Filter>
    <Filter Include="Helix\Window\OS\Windows">
      <UniqueIdentifier>{11AEFDB0-7DE5-4548-86EF-A96BF2A56C41}</UniqueIdentifier>
    </Filter>
  </ItemGroup>
  <ItemGroup>
    <ClInclude Include="src\Helix.hpp" />
    <ClInclude Include="src\Helix\Core\Application.hpp">
      <Filter>Helix\Core</Filter>
    </ClInclude>
    <ClInclude Include="src\Helix\Core\Core.hpp">
      <Filter>Helix\Core</Filter>
    </ClInclude>
    <ClInclude Include="src\Helix\Core\Transform.hpp">
      <Filter>Helix\Core</Filter>
    </ClInclude>
    <ClInclude Include="src\Helix\Diagnostics\Log.hpp">
      <Filter>Helix\Diagnostics</Filter>
    </ClInclude>
    <ClInclude Include="src\Helix\Scene\Components\Base\Component.hpp">
      <Filter>Helix\ECS\Components\Base</Filter>
    </ClInclude>
    <ClInclude Include="src\Helix\Scene\Components\TransformComponent.hpp">
      <Filter>Helix\ECS\Components</Filter>
    </ClInclude>
    <ClInclude Include="src\Helix\Scene\Entities\Base\Entity.hpp">
      <Filter>Helix\ECS\Entities\Base</Filter>
    </ClInclude>
    <ClInclude Include="src\Helix\Event\ApplicationEvent.hpp">
      <Filter>Helix\Event</Filter>
    </ClInclude>
    <ClInclude Include="src\Helix\Event\Base\Event.hpp">
      <Filter>Helix\Event\Base</Filter>
    </ClInclude>
    <ClInclude Include="src\Helix\Event\Base\EventDispatcher.hpp">
      <Filter>Helix\Event\Base</Filter>
    </ClInclude>
    <ClInclude Include="src\Helix\Event\KeyEvent.hpp">
      <Filter>Helix\Event</Filter>
    </ClInclude>
    <ClInclude Include="src\Helix\Event\MouseEvent.hpp">
      <Filter>Helix\Event</Filter>
    </ClInclude>
    <ClInclude Include="src\Helix\Event\WindowEvent.hpp">
      <Filter>Helix\Event</Filter>
    </ClInclude>
    <ClInclude Include="src\Helix\IO\IO.hpp">
      <Filter>Helix\IO</Filter>
    </ClInclude>
    <ClInclude Include="src\Helix\Input\Input.hpp">
      <Filter>Helix\Input</Filter>
    </ClInclude>
    <ClInclude Include="src\Helix\Input\KeyCode.hpp">
      <Filter>Helix\Input</Filter>
    </ClInclude>
    <ClInclude Include="src\Helix\Input\MouseCode.hpp">
      <Filter>Helix\Input</Filter>
    </ClInclude>
    <ClInclude Include="src\Helix\Math\Math.hpp">
      <Filter>Helix\Math</Filter>
    </ClInclude>
    <ClInclude Include="src\Helix\Rendering\API\OpenGL\Objects\OpenGLElementBuffer.hpp">
      <Filter>Helix\Rendering\API\OpenGL\Objects</Filter>
    </ClInclude>
    <ClInclude Include="src\Helix\Rendering\API\OpenGL\Objects\OpenGLVertexArray.hpp">
      <Filter>Helix\Rendering\API\OpenGL\Objects</Filter>
    </ClInclude>
    <ClInclude Include="src\Helix\Rendering\API\OpenGL\Objects\OpenGLVertexBuffer.hpp">
      <Filter>Helix\Rendering\API\OpenGL\Objects</Filter>
    </ClInclude>
    <ClInclude Include="src\Helix\Rendering\API\OpenGL\OpenGL.hpp">
      <Filter>Helix\Rendering\API\OpenGL</Filter>
    </ClInclude>
    <ClInclude Include="src\Helix\Rendering\API\OpenGL\OpenGLShader.hpp">
      <Filter>Helix\Rendering\API\OpenGL</Filter>
    </ClInclude>
    <ClInclude Include="src\Helix\Rendering\API\OpenGL\OpenGLTexture.hpp">
      <Filter>Helix\Rendering\API\OpenGL</Filter>
    </ClInclude>
    <ClInclude Include="src\Helix\Rendering\API\OpenGL\Renderer\OpenGLRenderer.hpp">
      <Filter>Helix\Rendering\API\OpenGL\Renderer</Filter>
    </ClInclude>
    <ClInclude Include="src\Helix\Rendering\API\RenderAPI.hpp">
      <Filter>Helix\Rendering\API</Filter>
    </ClInclude>
    <ClInclude Include="src\Helix\Rendering\Objects\BufferLayout.hpp">
      <Filter>Helix\Rendering\Objects</Filter>
    </ClInclude>
    <ClInclude Include="src\Helix\Rendering\Objects\BufferObject.hpp">
      <Filter>Helix\Rendering\Objects</Filter>
    </ClInclude>
    <ClInclude Include="src\Helix\Rendering\Objects\ElementBuffer.hpp">
      <Filter>Helix\Rendering\Objects</Filter>
    </ClInclude>
    <ClInclude Include="src\Helix\Rendering\Objects\VertexArray.hpp">
      <Filter>Helix\Rendering\Objects</Filter>
    </ClInclude>
    <ClInclude Include="src\Helix\Rendering\Objects\VertexBuffer.hpp">
      <Filter>Helix\Rendering\Objects</Filter>
    </ClInclude>
    <ClInclude Include="src\Helix\Rendering\Renderer.hpp">
      <Filter>Helix\Rendering</Filter>
    </ClInclude>
    <ClInclude Include="src\Helix\Rendering\Shader.hpp">
      <Filter>Helix\Rendering</Filter>
    </ClInclude>
    <ClInclude Include="src\Helix\Rendering\Texture.hpp">
      <Filter>Helix\Rendering</Filter>
    </ClInclude>
    <ClInclude Include="src\Helix\Scene\Camera\Camera.hpp">
      <Filter>Helix\Scene\Camera</Filter>
    </ClInclude>
    <ClInclude Include="src\Helix\Scene\Camera\Projection.hpp">
      <Filter>Helix\Scene\Camera</Filter>
    </ClInclude>
    <ClInclude Include="src\Helix\Scene\Scene.hpp">
      <Filter>Helix\Scene</Filter>
    </ClInclude>
    <ClInclude Include="src\Helix\Window\Layer.hpp">
      <Filter>Helix\Window</Filter>
    </ClInclude>
    <ClInclude Include="src\Helix\Window\LayerStack.hpp">
      <Filter>Helix\Window</Filter>
    </ClInclude>
    <ClInclude Include="src\Helix\Window\OS\Windows\WindowsWindow.hpp">
      <Filter>Helix\Window\OS\Windows</Filter>
    </ClInclude>
    <ClInclude Include="src\Helix\Window\Window.hpp">
      <Filter>Helix\Window</Filter>
    </ClInclude>
    <ClInclude Include="src\main.hpp" />
    <ClInclude Include="src\stdafx.hpp" />
    <ClInclude Include="src\Helix\Scene\Entities\EntityRegistry.hpp" />
    <ClInclude Include="src\Helix\Scene\Components\SpriteComponent.hpp" />
    <ClInclude Include="src\Helix\Scene\Components\TestComponent.hpp" />
    <ClInclude Include="src\Helix\Rendering\API\RenderBatch.hpp" />
    <ClInclude Include="src\Helix\Rendering\RenderData.hpp" />
    <ClInclude Include="src\Helix\Core\DeltaTime.hpp" />
  </ItemGroup>
  <ItemGroup>
    <ClCompile Include="src\Helix\Core\Application.cpp">
      <Filter>Helix\Core</Filter>
    </ClCompile>
    <ClCompile Include="src\Helix\Core\Transform.cpp">
      <Filter>Helix\Core</Filter>
    </ClCompile>
    <ClCompile Include="src\Helix\Diagnostics\Log.cpp">
      <Filter>Helix\Diagnostics</Filter>
    </ClCompile>
    <ClCompile Include="src\Helix\IO\IO.cpp">
      <Filter>Helix\IO</Filter>
    </ClCompile>
    <ClCompile Include="src\Helix\Input\Input.cpp">
      <Filter>Helix\Input</Filter>
    </ClCompile>
    <ClCompile Include="src\Helix\Rendering\API\OpenGL\Objects\OpenGLElementBuffer.cpp">
      <Filter>Helix\Rendering\API\OpenGL\Objects</Filter>
    </ClCompile>
    <ClCompile Include="src\Helix\Rendering\API\OpenGL\Objects\OpenGLVertexArray.cpp">
      <Filter>Helix\Rendering\API\OpenGL\Objects</Filter>
    </ClCompile>
    <ClCompile Include="src\Helix\Rendering\API\OpenGL\Objects\OpenGLVertexBuffer.cpp">
      <Filter>Helix\Rendering\API\OpenGL\Objects</Filter>
    </ClCompile>
    <ClCompile Include="src\Helix\Rendering\API\OpenGL\OpenGLShader.cpp">
      <Filter>Helix\Rendering\API\OpenGL</Filter>
    </ClCompile>
    <ClCompile Include="src\Helix\Rendering\API\OpenGL\OpenGLTexture.cpp">
      <Filter>Helix\Rendering\API\OpenGL</Filter>
    </ClCompile>
    <ClCompile Include="src\Helix\Rendering\API\OpenGL\Renderer\OpenGLRenderer.cpp">
      <Filter>Helix\Rendering\API\OpenGL\Renderer</Filter>
    </ClCompile>
    <ClCompile Include="src\Helix\Rendering\Objects\ElementBuffer.cpp">
      <Filter>Helix\Rendering\Objects</Filter>
    </ClCompile>
    <ClCompile Include="src\Helix\Rendering\Objects\VertexArray.cpp">
      <Filter>Helix\Rendering\Objects</Filter>
    </ClCompile>
    <ClCompile Include="src\Helix\Rendering\Objects\VertexBuffer.cpp">
      <Filter>Helix\Rendering\Objects</Filter>
    </ClCompile>
    <ClCompile Include="src\Helix\Rendering\Renderer.cpp">
      <Filter>Helix\Rendering</Filter>
    </ClCompile>
    <ClCompile Include="src\Helix\Rendering\Shader.cpp">
      <Filter>Helix\Rendering</Filter>
    </ClCompile>
    <ClCompile Include="src\Helix\Rendering\Texture.cpp">
      <Filter>Helix\Rendering</Filter>
    </ClCompile>
    <ClCompile Include="src\Helix\Scene\Camera\Camera.cpp">
      <Filter>Helix\Scene\Camera</Filter>
    </ClCompile>
    <ClCompile Include="src\Helix\Scene\Scene.cpp">
      <Filter>Helix\Scene</Filter>
    </ClCompile>
    <ClCompile Include="src\Helix\Window\OS\Windows\WindowsWindow.cpp">
      <Filter>Helix\Window\OS\Windows</Filter>
    </ClCompile>
    <ClCompile Include="src\Helix\Window\Window.cpp">
      <Filter>Helix\Window</Filter>
    </ClCompile>
    <ClCompile Include="src\stdafx.cpp" />
    <ClCompile Include="src\Helix\Scene\Entities\Base\Entity.cpp" />
  </ItemGroup>
</Project>