<?xml version="1.0" encoding="utf-8"?>
<Project ToolsVersion="4.0" xmlns="http://schemas.microsoft.com/developer/msbuild/2003">
  <ItemGroup>
    <Filter Include="Helix">
      <UniqueIdentifier>{1F204F0D-8B34-77BE-54B6-1A1EC08973EF}</UniqueIdentifier>
    </Filter>
    <Filter Include="Helix\Core">
      <UniqueIdentifier>{D72F8CA7-C3E7-CDF4-2CEF-A65018C668E5}</UniqueIdentifier>
    </Filter>
    <Filter Include="Helix\Diagnostics">
      <UniqueIdentifier>{A6B19D5B-12C8-9BF1-5B3F-2713C7946C79}</UniqueIdentifier>
    </Filter>
    <Filter Include="Helix\ECS">
      <UniqueIdentifier>{E90B2B62-5576-DFD8-9EB4-907E0A5EBD2D}</UniqueIdentifier>
    </Filter>
    <Filter Include="Helix\ECS\Component">
      <UniqueIdentifier>{8B9B0730-F7FC-E43D-806A-2BF0ECCA1BFD}</UniqueIdentifier>
    </Filter>
    <Filter Include="Helix\ECS\Entity">
      <UniqueIdentifier>{1578C88A-0171-E7DC-2AA3-CC6116FBC6E8}</UniqueIdentifier>
    </Filter>
    <Filter Include="Helix\ECS\System">
      <UniqueIdentifier>{DD5E37AC-C957-56FE-F289-3B83DEE1350A}</UniqueIdentifier>
    </Filter>
    <Filter Include="Helix\Event">
      <UniqueIdentifier>{B0FC3999-1CB2-B28E-A5A6-AC65115BA992}</UniqueIdentifier>
    </Filter>
    <Filter Include="Helix\Event\Base">
      <UniqueIdentifier>{3AC7DBB6-26C0-FA08-4FF2-DF8D3B4ADA14}</UniqueIdentifier>
    </Filter>
    <Filter Include="Helix\IO">
      <UniqueIdentifier>{66F18C50-52BE-E75B-7BD7-D50367031DEA}</UniqueIdentifier>
    </Filter>
    <Filter Include="Helix\Input">
      <UniqueIdentifier>{5E2B7E99-CAE0-F68E-53D5-F065BF89ED92}</UniqueIdentifier>
    </Filter>
    <Filter Include="Helix\Layer">
      <UniqueIdentifier>{2B78AD99-972D-268F-2022-20668CD61C93}</UniqueIdentifier>
    </Filter>
    <Filter Include="Helix\Layer\Base">
      <UniqueIdentifier>{95A79E00-81A0-BD52-AAD2-A2D7962A9D5E}</UniqueIdentifier>
    </Filter>
    <Filter Include="Helix\Math">
      <UniqueIdentifier>{587091A7-4428-D3F4-AD2F-AC5099066EE5}</UniqueIdentifier>
    </Filter>
    <Filter Include="Helix\Rendering">
      <UniqueIdentifier>{2CDCE440-9867-5205-A178-D5F90D83AE05}</UniqueIdentifier>
    </Filter>
    <Filter Include="Helix\Rendering\API">
      <UniqueIdentifier>{15F729A3-8158-07B1-0AC6-4D6376263E70}</UniqueIdentifier>
    </Filter>
    <Filter Include="Helix\Rendering\API\OpenGL">
      <UniqueIdentifier>{A9363123-9546-DDF3-FEFF-4112EA2ECC8C}</UniqueIdentifier>
    </Filter>
    <Filter Include="Helix\Rendering\API\OpenGL\Object">
      <UniqueIdentifier>{0FECCF3D-7B5A-25BD-C443-E0BC30F11A59}</UniqueIdentifier>
    </Filter>
    <Filter Include="Helix\Rendering\API\OpenGL\Renderer">
      <UniqueIdentifier>{6F0873A6-DBC1-DD50-6421-F82AD0D993C0}</UniqueIdentifier>
    </Filter>
    <Filter Include="Helix\Rendering\API\OpenGL\Shader">
      <UniqueIdentifier>{2F2E8C47-9B9C-E1C6-E485-9CC65033D762}</UniqueIdentifier>
    </Filter>
    <Filter Include="Helix\Rendering\API\OpenGL\Texture">
      <UniqueIdentifier>{09F5B580-F530-B9EA-5E43-D1E14A9E6105}</UniqueIdentifier>
    </Filter>
    <Filter Include="Helix\Rendering\Object">
      <UniqueIdentifier>{32E007E8-1EDA-303A-0747-C74AF3DF96A6}</UniqueIdentifier>
    </Filter>
    <Filter Include="Helix\Rendering\Renderer">
      <UniqueIdentifier>{529178BE-3EB6-C73E-6701-ADCE5385C65C}</UniqueIdentifier>
    </Filter>
    <Filter Include="Helix\Rendering\Shader">
      <UniqueIdentifier>{5222C4F1-3E1C-ED43-2789-8354132253B0}</UniqueIdentifier>
    </Filter>
    <Filter Include="Helix\Rendering\Texture">
      <UniqueIdentifier>{8C6DEC71-F8A4-3409-01AF-982C6D655B02}</UniqueIdentifier>
    </Filter>
    <Filter Include="Helix\Scene">
      <UniqueIdentifier>{7CE82C9A-E89D-A58F-7192-9F66DD469C93}</UniqueIdentifier>
    </Filter>
    <Filter Include="Helix\Scene\Camera">
      <UniqueIdentifier>{7499CECE-607D-8F24-C9DD-8977B5E079A6}</UniqueIdentifier>
    </Filter>
    <Filter Include="Helix\Widget">
      <UniqueIdentifier>{D2838AE9-BEE6-198E-676C-524453AEE510}</UniqueIdentifier>
    </Filter>
    <Filter Include="Helix\Widget\Base">
      <UniqueIdentifier>{9C13E8F0-082A-E686-51A1-71A8BDF6B60E}</UniqueIdentifier>
    </Filter>
    <Filter Include="Helix\Widget\Component">
      <UniqueIdentifier>{B4CAC833-A0C4-F185-8931-889675CA57F2}</UniqueIdentifier>
    </Filter>
    <Filter Include="Helix\Window">
      <UniqueIdentifier>{26F48FE9-1257-1F8E-BBDC-5744A71EEB10}</UniqueIdentifier>
    </Filter>
    <Filter Include="Helix\Window\OS">
      <UniqueIdentifier>{D71C1139-43A8-7EFD-4CB9-01F2B8C3DAFD}</UniqueIdentifier>
    </Filter>
    <Filter Include="Helix\Window\OS\Windows">
      <UniqueIdentifier>{11AEFDB0-7DE5-4548-86EF-A96BF2A56C41}</UniqueIdentifier>
    </Filter>
  </ItemGroup>
  <ItemGroup>
    <ClInclude Include="src\Helix.hpp" />
    <ClInclude Include="src\Helix\Core\Application.hpp">
      <Filter>Helix\Core</Filter>
    </ClInclude>
    <ClInclude Include="src\Helix\Core\Core.hpp">
      <Filter>Helix\Core</Filter>
    </ClInclude>
    <ClInclude Include="src\Helix\Core\DeltaTime.hpp">
      <Filter>Helix\Core</Filter>
    </ClInclude>
    <ClInclude Include="src\Helix\Core\Transform.hpp">
      <Filter>Helix\Core</Filter>
    </ClInclude>
    <ClInclude Include="src\Helix\Diagnostics\Log.hpp">
      <Filter>Helix\Diagnostics</Filter>
    </ClInclude>
    <ClInclude Include="src\Helix\ECS\Component\ComponentArray.hpp">
      <Filter>Helix\ECS\Component</Filter>
    </ClInclude>
    <ClInclude Include="src\Helix\ECS\Component\Components.hpp">
      <Filter>Helix\ECS\Component</Filter>
    </ClInclude>
    <ClInclude Include="src\Helix\ECS\Coordinator.hpp">
      <Filter>Helix\ECS</Filter>
    </ClInclude>
    <ClInclude Include="src\Helix\ECS\Entity\Entity.hpp">
      <Filter>Helix\ECS\Entity</Filter>
    </ClInclude>
    <ClInclude Include="src\Helix\ECS\Network.hpp">
      <Filter>Helix\ECS</Filter>
    </ClInclude>
    <ClInclude Include="src\Helix\ECS\Registry.hpp">
      <Filter>Helix\ECS</Filter>
    </ClInclude>
    <ClInclude Include="src\Helix\ECS\System\System.hpp">
      <Filter>Helix\ECS\System</Filter>
    </ClInclude>
    <ClInclude Include="src\Helix\Event\ApplicationEvent.hpp">
      <Filter>Helix\Event</Filter>
    </ClInclude>
    <ClInclude Include="src\Helix\Event\Base\Event.hpp">
      <Filter>Helix\Event\Base</Filter>
    </ClInclude>
    <ClInclude Include="src\Helix\Event\Base\EventDispatcher.hpp">
      <Filter>Helix\Event\Base</Filter>
    </ClInclude>
    <ClInclude Include="src\Helix\Event\KeyEvent.hpp">
      <Filter>Helix\Event</Filter>
    </ClInclude>
    <ClInclude Include="src\Helix\Event\MouseEvent.hpp">
      <Filter>Helix\Event</Filter>
    </ClInclude>
    <ClInclude Include="src\Helix\Event\WindowEvent.hpp">
      <Filter>Helix\Event</Filter>
    </ClInclude>
    <ClInclude Include="src\Helix\IO\IO.hpp">
      <Filter>Helix\IO</Filter>
    </ClInclude>
    <ClInclude Include="src\Helix\Input\Input.hpp">
      <Filter>Helix\Input</Filter>
    </ClInclude>
    <ClInclude Include="src\Helix\Input\KeyCode.hpp">
      <Filter>Helix\Input</Filter>
    </ClInclude>
    <ClInclude Include="src\Helix\Input\MouseCode.hpp">
      <Filter>Helix\Input</Filter>
    </ClInclude>
    <ClInclude Include="src\Helix\Layer\Base\Layer.hpp">
      <Filter>Helix\Layer\Base</Filter>
    </ClInclude>
    <ClInclude Include="src\Helix\Layer\Base\LayerStack.hpp">
      <Filter>Helix\Layer\Base</Filter>
    </ClInclude>
    <ClInclude Include="src\Helix\Layer\ImGuiLayer.hpp">
      <Filter>Helix\Layer</Filter>
    </ClInclude>
    <ClInclude Include="src\Helix\Math\Math.hpp">
      <Filter>Helix\Math</Filter>
    </ClInclude>
    <ClInclude Include="src\Helix\Rendering\API\OpenGL\Object\OpenGLElementBuffer.hpp">
      <Filter>Helix\Rendering\API\OpenGL\Object</Filter>
    </ClInclude>
    <ClInclude Include="src\Helix\Rendering\API\OpenGL\Object\OpenGLFrameBuffer.hpp">
      <Filter>Helix\Rendering\API\OpenGL\Object</Filter>
    </ClInclude>
    <ClInclude Include="src\Helix\Rendering\API\OpenGL\Object\OpenGLRenderBuffer.hpp">
      <Filter>Helix\Rendering\API\OpenGL\Object</Filter>
    </ClInclude>
    <ClInclude Include="src\Helix\Rendering\API\OpenGL\Object\OpenGLVertexArray.hpp">
      <Filter>Helix\Rendering\API\OpenGL\Object</Filter>
    </ClInclude>
    <ClInclude Include="src\Helix\Rendering\API\OpenGL\Object\OpenGLVertexBuffer.hpp">
      <Filter>Helix\Rendering\API\OpenGL\Object</Filter>
    </ClInclude>
    <ClInclude Include="src\Helix\Rendering\API\OpenGL\OpenGL.hpp">
      <Filter>Helix\Rendering\API\OpenGL</Filter>
    </ClInclude>
    <ClInclude Include="src\Helix\Rendering\API\OpenGL\Renderer\OpenGLRenderer.hpp">
      <Filter>Helix\Rendering\API\OpenGL\Renderer</Filter>
    </ClInclude>
    <ClInclude Include="src\Helix\Rendering\API\OpenGL\Shader\OpenGLShader.hpp">
      <Filter>Helix\Rendering\API\OpenGL\Shader</Filter>
    </ClInclude>
    <ClInclude Include="src\Helix\Rendering\API\OpenGL\Texture\OpenGLTexture.hpp">
      <Filter>Helix\Rendering\API\OpenGL\Texture</Filter>
    </ClInclude>
    <ClInclude Include="src\Helix\Rendering\API\RenderAPI.hpp">
      <Filter>Helix\Rendering\API</Filter>
    </ClInclude>
    <ClInclude Include="src\Helix\Rendering\RenderBatch.hpp">
      <Filter>Helix\Rendering\API</Filter>
    </ClInclude>
    <ClInclude Include="src\Helix\Rendering\Object\BufferLayout.hpp">
      <Filter>Helix\Rendering\Object</Filter>
    </ClInclude>
    <ClInclude Include="src\Helix\Rendering\Object\BufferObject.hpp">
      <Filter>Helix\Rendering\Object</Filter>
    </ClInclude>
    <ClInclude Include="src\Helix\Rendering\Object\ElementBuffer.hpp">
      <Filter>Helix\Rendering\Object</Filter>
    </ClInclude>
    <ClInclude Include="src\Helix\Rendering\Object\FrameBuffer.hpp">
      <Filter>Helix\Rendering\Object</Filter>
    </ClInclude>
    <ClInclude Include="src\Helix\Rendering\Object\RenderBuffer.hpp">
      <Filter>Helix\Rendering\Object</Filter>
    </ClInclude>
    <ClInclude Include="src\Helix\Rendering\Object\VertexArray.hpp">
      <Filter>Helix\Rendering\Object</Filter>
    </ClInclude>
    <ClInclude Include="src\Helix\Rendering\Object\VertexBuffer.hpp">
      <Filter>Helix\Rendering\Object</Filter>
    </ClInclude>
    <ClInclude Include="src\Helix\Rendering\RenderData.hpp">
      <Filter>Helix\Rendering</Filter>
    </ClInclude>
    <ClInclude Include="src\Helix\Rendering\RenderState.hpp">
      <Filter>Helix\Rendering</Filter>
    </ClInclude>
    <ClInclude Include="src\Helix\Rendering\RenderStatistics.hpp">
      <Filter>Helix\Rendering</Filter>
    </ClInclude>
    <ClInclude Include="src\Helix\Rendering\Renderer\Renderer.hpp">
      <Filter>Helix\Rendering\Renderer</Filter>
    </ClInclude>
    <ClInclude Include="src\Helix\Rendering\Shader\Shader.hpp">
      <Filter>Helix\Rendering\Shader</Filter>
    </ClInclude>
    <ClInclude Include="src\Helix\Rendering\Texture\Texture.hpp">
      <Filter>Helix\Rendering\Texture</Filter>
    </ClInclude>
    <ClInclude Include="src\Helix\Scene\Camera\Camera.hpp">
      <Filter>Helix\Scene\Camera</Filter>
    </ClInclude>
    <ClInclude Include="src\Helix\Scene\Camera\Projection.hpp">
      <Filter>Helix\Scene\Camera</Filter>
    </ClInclude>
    <ClInclude Include="src\Helix\Scene\Scene.hpp">
      <Filter>Helix\Scene</Filter>
    </ClInclude>
    <ClInclude Include="src\Helix\Widget\Base\Widget.hpp">
      <Filter>Helix\Widget\Base</Filter>
    </ClInclude>
    <ClInclude Include="src\Helix\Widget\Component\TransformComponentWidget.hpp">
      <Filter>Helix\Widget\Component</Filter>
    </ClInclude>
    <ClInclude Include="src\Helix\Widget\ContentBrowserWidget.hpp">
      <Filter>Helix\Widget</Filter>
    </ClInclude>
    <ClInclude Include="src\Helix\Widget\EntityListWidget.hpp">
      <Filter>Helix\Widget</Filter>
    </ClInclude>
    <ClInclude Include="src\Helix\Widget\RenderStatisticsWidget.hpp">
      <Filter>Helix\Widget</Filter>
    </ClInclude>
    <ClInclude Include="src\Helix\Widget\SceneRenderWidget.hpp">
      <Filter>Helix\Widget</Filter>
    </ClInclude>
    <ClInclude Include="src\Helix\Widget\SelectedEntityWidget.hpp">
      <Filter>Helix\Widget</Filter>
    </ClInclude>
    <ClInclude Include="src\Helix\Widget\WidgetData.hpp">
      <Filter>Helix\Widget</Filter>
    </ClInclude>
    <ClInclude Include="src\Helix\Window\OS\Windows\WindowsWindow.hpp">
      <Filter>Helix\Window\OS\Windows</Filter>
    </ClInclude>
    <ClInclude Include="src\Helix\Window\Window.hpp">
      <Filter>Helix\Window</Filter>
    </ClInclude>
    <ClInclude Include="src\main.hpp" />
    <ClInclude Include="src\stdafx.hpp" />
    <ClInclude Include="Mesh.hpp" />
    <ClInclude Include="src\Helix\Rendering\Vertex.hpp" />
  </ItemGroup>
  <ItemGroup>
    <ClCompile Include="src\Helix\Core\Application.cpp">
      <Filter>Helix\Core</Filter>
    </ClCompile>
    <ClCompile Include="src\Helix\Core\Transform.cpp">
      <Filter>Helix\Core</Filter>
    </ClCompile>
    <ClCompile Include="src\Helix\Diagnostics\Log.cpp">
      <Filter>Helix\Diagnostics</Filter>
    </ClCompile>
    <ClCompile Include="src\Helix\Input\Input.cpp">
      <Filter>Helix\Input</Filter>
    </ClCompile>
    <ClCompile Include="src\Helix\Layer\ImGuiLayer.cpp">
      <Filter>Helix\Layer</Filter>
    </ClCompile>
    <ClCompile Include="src\Helix\Rendering\API\OpenGL\Object\OpenGLElementBuffer.cpp">
      <Filter>Helix\Rendering\API\OpenGL\Object</Filter>
    </ClCompile>
    <ClCompile Include="src\Helix\Rendering\API\OpenGL\Object\OpenGLFrameBuffer.cpp">
      <Filter>Helix\Rendering\API\OpenGL\Object</Filter>
    </ClCompile>
    <ClCompile Include="src\Helix\Rendering\API\OpenGL\Object\OpenGLRenderBuffer.cpp">
      <Filter>Helix\Rendering\API\OpenGL\Object</Filter>
    </ClCompile>
    <ClCompile Include="src\Helix\Rendering\API\OpenGL\Object\OpenGLVertexArray.cpp">
      <Filter>Helix\Rendering\API\OpenGL\Object</Filter>
    </ClCompile>
    <ClCompile Include="src\Helix\Rendering\API\OpenGL\Object\OpenGLVertexBuffer.cpp">
      <Filter>Helix\Rendering\API\OpenGL\Object</Filter>
    </ClCompile>
    <ClCompile Include="src\Helix\Rendering\API\OpenGL\Renderer\OpenGLRenderer.cpp">
      <Filter>Helix\Rendering\API\OpenGL\Renderer</Filter>
    </ClCompile>
    <ClCompile Include="src\Helix\Rendering\API\OpenGL\Shader\OpenGLShader.cpp">
      <Filter>Helix\Rendering\API\OpenGL\Shader</Filter>
    </ClCompile>
    <ClCompile Include="src\Helix\Rendering\API\OpenGL\Texture\OpenGLTexture.cpp">
      <Filter>Helix\Rendering\API\OpenGL\Texture</Filter>
    </ClCompile>
    <ClCompile Include="src\Helix\Rendering\Object\ElementBuffer.cpp">
      <Filter>Helix\Rendering\Object</Filter>
    </ClCompile>
    <ClCompile Include="src\Helix\Rendering\Object\FrameBuffer.cpp">
      <Filter>Helix\Rendering\Object</Filter>
    </ClCompile>
    <ClCompile Include="src\Helix\Rendering\Object\RenderBuffer.cpp">
      <Filter>Helix\Rendering\Object</Filter>
    </ClCompile>
    <ClCompile Include="src\Helix\Rendering\Object\VertexArray.cpp">
      <Filter>Helix\Rendering\Object</Filter>
    </ClCompile>
    <ClCompile Include="src\Helix\Rendering\Object\VertexBuffer.cpp">
      <Filter>Helix\Rendering\Object</Filter>
    </ClCompile>
    <ClCompile Include="src\Helix\Rendering\Renderer\Renderer.cpp">
      <Filter>Helix\Rendering\Renderer</Filter>
    </ClCompile>
    <ClCompile Include="src\Helix\Rendering\Shader\Shader.cpp">
      <Filter>Helix\Rendering\Shader</Filter>
    </ClCompile>
    <ClCompile Include="src\Helix\Rendering\Texture\Texture.cpp">
      <Filter>Helix\Rendering\Texture</Filter>
    </ClCompile>
    <ClCompile Include="src\Helix\Scene\Camera\Camera.cpp">
      <Filter>Helix\Scene\Camera</Filter>
    </ClCompile>
    <ClCompile Include="src\Helix\Scene\Scene.cpp">
      <Filter>Helix\Scene</Filter>
    </ClCompile>
    <ClCompile Include="src\Helix\Window\OS\Windows\WindowsWindow.cpp">
      <Filter>Helix\Window\OS\Windows</Filter>
    </ClCompile>
    <ClCompile Include="src\Helix\Window\Window.cpp">
      <Filter>Helix\Window</Filter>
    </ClCompile>
    <ClCompile Include="src\stdafx.cpp" />
    <ClCompile Include="Mesh.cpp" />
  </ItemGroup>
</Project>